
Microsoft Visual Studio Solution File, Format Version 12.00
# Visual Studio 15
VisualStudioVersion = 15.0.27428.2011
MinimumVisualStudioVersion = 10.0.40219.1
Project("{9A19103F-16F7-4668-BE54-9A1E7A4F7556}") = "FridgyKeyApp", "FridgyKeyApp\FridgyKeyApp.csproj", "{1F282CDA-18C5-40D1-BFDC-3DB71ABEBAB1}"
EndProject
Project("{9A19103F-16F7-4668-BE54-9A1E7A4F7556}") = "FK.Models", "FK.Models\FK.Models.csproj", "{69ACFDFE-1277-4174-9516-0E33087EB920}"
EndProject
Project("{9A19103F-16F7-4668-BE54-9A1E7A4F7556}") = "FK.BLL", "FK.BLL\FK.BLL.csproj", "{571B3C2F-7E02-4C6A-9126-AD00A017ED4C}"
EndProject
Project("{9A19103F-16F7-4668-BE54-9A1E7A4F7556}") = "FK.DAL", "FK.DAL\FK.DAL.csproj", "{0F95C0E9-4A9E-4A66-B19F-8630D9F4E63E}"
EndProject
Project("{9A19103F-16F7-4668-BE54-9A1E7A4F7556}") = "FK.API", "FK.API\FK.API.csproj", "{6C161364-1CB7-42A6-9AF7-7392F9CB3DF6}"
EndProject
Project("{9A19103F-16F7-4668-BE54-9A1E7A4F7556}") = "FK.TestVIEW", "FK.TestVIEW\FK.TestVIEW.csproj", "{9D4B8F9B-2A99-41BA-9843-DF15613A1D3F}"
EndProject
Global
	GlobalSection(SolutionConfigurationPlatforms) = preSolution
		Debug|Any CPU = Debug|Any CPU
		Release|Any CPU = Release|Any CPU
	EndGlobalSection
	GlobalSection(ProjectConfigurationPlatforms) = postSolution
		{1F282CDA-18C5-40D1-BFDC-3DB71ABEBAB1}.Debug|Any CPU.ActiveCfg = Debug|Any CPU
		{1F282CDA-18C5-40D1-BFDC-3DB71ABEBAB1}.Debug|Any CPU.Build.0 = Debug|Any CPU
		{1F282CDA-18C5-40D1-BFDC-3DB71ABEBAB1}.Release|Any CPU.ActiveCfg = Release|Any CPU
		{1F282CDA-18C5-40D1-BFDC-3DB71ABEBAB1}.Release|Any CPU.Build.0 = Release|Any CPU
		{69ACFDFE-1277-4174-9516-0E33087EB920}.Debug|Any CPU.ActiveCfg = Debug|Any CPU
		{69ACFDFE-1277-4174-9516-0E33087EB920}.Debug|Any CPU.Build.0 = Debug|Any CPU
		{69ACFDFE-1277-4174-9516-0E33087EB920}.Release|Any CPU.ActiveCfg = Release|Any CPU
		{69ACFDFE-1277-4174-9516-0E33087EB920}.Release|Any CPU.Build.0 = Release|Any CPU
		{571B3C2F-7E02-4C6A-9126-AD00A017ED4C}.Debug|Any CPU.ActiveCfg = Debug|Any CPU
		{571B3C2F-7E02-4C6A-9126-AD00A017ED4C}.Debug|Any CPU.Build.0 = Debug|Any CPU
		{571B3C2F-7E02-4C6A-9126-AD00A017ED4C}.Release|Any CPU.ActiveCfg = Release|Any CPU
		{571B3C2F-7E02-4C6A-9126-AD00A017ED4C}.Release|Any CPU.Build.0 = Release|Any CPU
		{0F95C0E9-4A9E-4A66-B19F-8630D9F4E63E}.Debug|Any CPU.ActiveCfg = Debug|Any CPU
		{0F95C0E9-4A9E-4A66-B19F-8630D9F4E63E}.Debug|Any CPU.Build.0 = Debug|Any CPU
		{0F95C0E9-4A9E-4A66-B19F-8630D9F4E63E}.Release|Any CPU.ActiveCfg = Release|Any CPU
		{0F95C0E9-4A9E-4A66-B19F-8630D9F4E63E}.Release|Any CPU.Build.0 = Release|Any CPU
		{6C161364-1CB7-42A6-9AF7-7392F9CB3DF6}.Debug|Any CPU.ActiveCfg = Debug|Any CPU
		{6C161364-1CB7-42A6-9AF7-7392F9CB3DF6}.Debug|Any CPU.Build.0 = Debug|Any CPU
		{6C161364-1CB7-42A6-9AF7-7392F9CB3DF6}.Release|Any CPU.ActiveCfg = Release|Any CPU
		{6C161364-1CB7-42A6-9AF7-7392F9CB3DF6}.Release|Any CPU.Build.0 = Release|Any CPU
		{9D4B8F9B-2A99-41BA-9843-DF15613A1D3F}.Debug|Any CPU.ActiveCfg = Debug|Any CPU
		{9D4B8F9B-2A99-41BA-9843-DF15613A1D3F}.Debug|Any CPU.Build.0 = Debug|Any CPU
		{9D4B8F9B-2A99-41BA-9843-DF15613A1D3F}.Release|Any CPU.ActiveCfg = Release|Any CPU
		{9D4B8F9B-2A99-41BA-9843-DF15613A1D3F}.Release|Any CPU.Build.0 = Release|Any CPU
	EndGlobalSection
	GlobalSection(SolutionProperties) = preSolution
		HideSolutionNode = FALSE
	EndGlobalSection
	GlobalSection(ExtensibilityGlobals) = postSolution
		SolutionGuid = {DEB6C73F-053E-4CB1-8956-F4DE780ECF5B}
	EndGlobalSection
EndGlobal
