
Microsoft Visual Studio Solution File, Format Version 12.00
# Visual Studio 15
VisualStudioVersion = 15.0.27428.2011
MinimumVisualStudioVersion = 10.0.40219.1
Project("{FAE04EC0-301F-11D3-BF4B-00C04F79EFBC}") = "FridgyKey", "FridgyKey\FridgyKey.csproj", "{602FAAF5-7E71-4516-83CF-2CCE4E8BE9C7}"
EndProject
Global
	GlobalSection(SolutionConfigurationPlatforms) = preSolution
		Debug|Any CPU = Debug|Any CPU
		Release|Any CPU = Release|Any CPU
	EndGlobalSection
	GlobalSection(ProjectConfigurationPlatforms) = postSolution
		{602FAAF5-7E71-4516-83CF-2CCE4E8BE9C7}.Debug|Any CPU.ActiveCfg = Debug|Any CPU
		{602FAAF5-7E71-4516-83CF-2CCE4E8BE9C7}.Debug|Any CPU.Build.0 = Debug|Any CPU
		{602FAAF5-7E71-4516-83CF-2CCE4E8BE9C7}.Release|Any CPU.ActiveCfg = Release|Any CPU
		{602FAAF5-7E71-4516-83CF-2CCE4E8BE9C7}.Release|Any CPU.Build.0 = Release|Any CPU
	EndGlobalSection
	GlobalSection(SolutionProperties) = preSolution
		HideSolutionNode = FALSE
	EndGlobalSection
	GlobalSection(ExtensibilityGlobals) = postSolution
		SolutionGuid = {6613970B-8B21-4F60-8CEC-0239108125F0}
	EndGlobalSection
EndGlobal
