
Microsoft Visual Studio Solution File, Format Version 12.00
# Visual Studio 15
VisualStudioVersion = 15.0.27428.2011
MinimumVisualStudioVersion = 10.0.40219.1
Project("{9A19103F-16F7-4668-BE54-9A1E7A4F7556}") = "FridgyKeyApp", "FridgyKeyApp\FridgyKeyApp.csproj", "{F54CABDF-327E-4AA8-9ED4-FEBFBC4E1234}"
EndProject
Project("{FAE04EC0-301F-11D3-BF4B-00C04F79EFBC}") = "FridgyKeyApp.Models", "FridgyKeyApp.Models\FridgyKeyApp.Models.csproj", "{14B61369-85CD-4F88-9656-CDA9E67F6DBB}"
EndProject
Global
	GlobalSection(SolutionConfigurationPlatforms) = preSolution
		Debug|Any CPU = Debug|Any CPU
		Release|Any CPU = Release|Any CPU
	EndGlobalSection
	GlobalSection(ProjectConfigurationPlatforms) = postSolution
		{F54CABDF-327E-4AA8-9ED4-FEBFBC4E1234}.Debug|Any CPU.ActiveCfg = Debug|Any CPU
		{F54CABDF-327E-4AA8-9ED4-FEBFBC4E1234}.Debug|Any CPU.Build.0 = Debug|Any CPU
		{F54CABDF-327E-4AA8-9ED4-FEBFBC4E1234}.Release|Any CPU.ActiveCfg = Release|Any CPU
		{F54CABDF-327E-4AA8-9ED4-FEBFBC4E1234}.Release|Any CPU.Build.0 = Release|Any CPU
		{14B61369-85CD-4F88-9656-CDA9E67F6DBB}.Debug|Any CPU.ActiveCfg = Debug|Any CPU
		{14B61369-85CD-4F88-9656-CDA9E67F6DBB}.Debug|Any CPU.Build.0 = Debug|Any CPU
		{14B61369-85CD-4F88-9656-CDA9E67F6DBB}.Release|Any CPU.ActiveCfg = Release|Any CPU
		{14B61369-85CD-4F88-9656-CDA9E67F6DBB}.Release|Any CPU.Build.0 = Release|Any CPU
	EndGlobalSection
	GlobalSection(SolutionProperties) = preSolution
		HideSolutionNode = FALSE
	EndGlobalSection
	GlobalSection(ExtensibilityGlobals) = postSolution
		SolutionGuid = {050B53C3-0F56-408F-AD97-B3E73B1469CD}
	EndGlobalSection
EndGlobal
