
Microsoft Visual Studio Solution File, Format Version 12.00
# Visual Studio 15
VisualStudioVersion = 15.0.27428.2011
MinimumVisualStudioVersion = 10.0.40219.1
Project("{9A19103F-16F7-4668-BE54-9A1E7A4F7556}") = "CoreWebApi", "CoreWebApi\CoreWebApi.csproj", "{0154E04C-EEF5-4A3D-A33F-14D9FCA78ED5}"
EndProject
Project("{FAE04EC0-301F-11D3-BF4B-00C04F79EFBC}") = "UnitTest", "UnitTest\UnitTest.csproj", "{E66CA2BF-81E4-43EA-AE5D-32325EC69A5C}"
EndProject
Global
	GlobalSection(SolutionConfigurationPlatforms) = preSolution
		Debug|Any CPU = Debug|Any CPU
		Release|Any CPU = Release|Any CPU
	EndGlobalSection
	GlobalSection(ProjectConfigurationPlatforms) = postSolution
		{0154E04C-EEF5-4A3D-A33F-14D9FCA78ED5}.Debug|Any CPU.ActiveCfg = Debug|Any CPU
		{0154E04C-EEF5-4A3D-A33F-14D9FCA78ED5}.Debug|Any CPU.Build.0 = Debug|Any CPU
		{0154E04C-EEF5-4A3D-A33F-14D9FCA78ED5}.Release|Any CPU.ActiveCfg = Release|Any CPU
		{0154E04C-EEF5-4A3D-A33F-14D9FCA78ED5}.Release|Any CPU.Build.0 = Release|Any CPU
		{E66CA2BF-81E4-43EA-AE5D-32325EC69A5C}.Debug|Any CPU.ActiveCfg = Debug|Any CPU
		{E66CA2BF-81E4-43EA-AE5D-32325EC69A5C}.Debug|Any CPU.Build.0 = Debug|Any CPU
		{E66CA2BF-81E4-43EA-AE5D-32325EC69A5C}.Release|Any CPU.ActiveCfg = Release|Any CPU
		{E66CA2BF-81E4-43EA-AE5D-32325EC69A5C}.Release|Any CPU.Build.0 = Release|Any CPU
	EndGlobalSection
	GlobalSection(SolutionProperties) = preSolution
		HideSolutionNode = FALSE
	EndGlobalSection
	GlobalSection(ExtensibilityGlobals) = postSolution
		SolutionGuid = {E7627210-4D3E-4D2E-BAE1-E4832EB836B9}
	EndGlobalSection
EndGlobal
