
Microsoft Visual Studio Solution File, Format Version 12.00
# Visual Studio 15
VisualStudioVersion = 15.0.27428.2011
MinimumVisualStudioVersion = 10.0.40219.1
Project("{FAE04EC0-301F-11D3-BF4B-00C04F79EFBC}") = "WebApi", "WebApi\WebApi.csproj", "{B22C1E69-27A5-4804-9388-3353CD354232}"
EndProject
Project("{FAE04EC0-301F-11D3-BF4B-00C04F79EFBC}") = "FK.Models", "FK.Models\FK.Models.csproj", "{CEDC6D17-8E87-48B0-A7E4-1E1FF978A647}"
EndProject
Project("{FAE04EC0-301F-11D3-BF4B-00C04F79EFBC}") = "FK.DAL", "FK.DAL\FK.DAL.csproj", "{CF025D32-324F-4D1E-8263-CAD50CAF31A7}"
EndProject
Project("{FAE04EC0-301F-11D3-BF4B-00C04F79EFBC}") = "FK.BLL", "FK.BLL\FK.BLL.csproj", "{DD29F552-BFCE-402F-A871-C3360D25EF4F}"
EndProject
Global
	GlobalSection(SolutionConfigurationPlatforms) = preSolution
		Debug|Any CPU = Debug|Any CPU
		Release|Any CPU = Release|Any CPU
	EndGlobalSection
	GlobalSection(ProjectConfigurationPlatforms) = postSolution
		{B22C1E69-27A5-4804-9388-3353CD354232}.Debug|Any CPU.ActiveCfg = Debug|Any CPU
		{B22C1E69-27A5-4804-9388-3353CD354232}.Debug|Any CPU.Build.0 = Debug|Any CPU
		{B22C1E69-27A5-4804-9388-3353CD354232}.Release|Any CPU.ActiveCfg = Release|Any CPU
		{B22C1E69-27A5-4804-9388-3353CD354232}.Release|Any CPU.Build.0 = Release|Any CPU
		{CEDC6D17-8E87-48B0-A7E4-1E1FF978A647}.Debug|Any CPU.ActiveCfg = Debug|Any CPU
		{CEDC6D17-8E87-48B0-A7E4-1E1FF978A647}.Debug|Any CPU.Build.0 = Debug|Any CPU
		{CEDC6D17-8E87-48B0-A7E4-1E1FF978A647}.Release|Any CPU.ActiveCfg = Release|Any CPU
		{CEDC6D17-8E87-48B0-A7E4-1E1FF978A647}.Release|Any CPU.Build.0 = Release|Any CPU
		{CF025D32-324F-4D1E-8263-CAD50CAF31A7}.Debug|Any CPU.ActiveCfg = Debug|Any CPU
		{CF025D32-324F-4D1E-8263-CAD50CAF31A7}.Debug|Any CPU.Build.0 = Debug|Any CPU
		{CF025D32-324F-4D1E-8263-CAD50CAF31A7}.Release|Any CPU.ActiveCfg = Release|Any CPU
		{CF025D32-324F-4D1E-8263-CAD50CAF31A7}.Release|Any CPU.Build.0 = Release|Any CPU
		{DD29F552-BFCE-402F-A871-C3360D25EF4F}.Debug|Any CPU.ActiveCfg = Debug|Any CPU
		{DD29F552-BFCE-402F-A871-C3360D25EF4F}.Debug|Any CPU.Build.0 = Debug|Any CPU
		{DD29F552-BFCE-402F-A871-C3360D25EF4F}.Release|Any CPU.ActiveCfg = Release|Any CPU
		{DD29F552-BFCE-402F-A871-C3360D25EF4F}.Release|Any CPU.Build.0 = Release|Any CPU
	EndGlobalSection
	GlobalSection(SolutionProperties) = preSolution
		HideSolutionNode = FALSE
	EndGlobalSection
	GlobalSection(ExtensibilityGlobals) = postSolution
		SolutionGuid = {727B006B-2300-4409-859A-8658767FA330}
	EndGlobalSection
EndGlobal
